
Microsoft Visual Studio Solution File, Format Version 12.00
# Visual Studio 2017
Project("{FAE04EC0-301F-11D3-BF4B-00C04F79EFBC}") = "Flick2", "Flick2.csproj", "{91B62769-8625-3F9E-E149-96310D968402}"
EndProject
Project("{FAE04EC0-301F-11D3-BF4B-00C04F79EFBC}") = "Flick2.Editor", "Flick2.Editor.csproj", "{1435FD28-59C0-71ED-A404-20FF6B1B91A8}"
EndProject
Global
	GlobalSection(SolutionConfigurationPlatforms) = preSolution
		Debug|Any CPU = Debug|Any CPU
		Release|Any CPU = Release|Any CPU
	EndGlobalSection
	GlobalSection(ProjectConfigurationPlatforms) = postSolution
		{91B62769-8625-3F9E-E149-96310D968402}.Debug|Any CPU.ActiveCfg = Debug|Any CPU
		{91B62769-8625-3F9E-E149-96310D968402}.Debug|Any CPU.Build.0 = Debug|Any CPU
		{91B62769-8625-3F9E-E149-96310D968402}.Release|Any CPU.ActiveCfg = Release|Any CPU
		{91B62769-8625-3F9E-E149-96310D968402}.Release|Any CPU.Build.0 = Release|Any CPU
		{1435FD28-59C0-71ED-A404-20FF6B1B91A8}.Debug|Any CPU.ActiveCfg = Debug|Any CPU
		{1435FD28-59C0-71ED-A404-20FF6B1B91A8}.Debug|Any CPU.Build.0 = Debug|Any CPU
		{1435FD28-59C0-71ED-A404-20FF6B1B91A8}.Release|Any CPU.ActiveCfg = Release|Any CPU
		{1435FD28-59C0-71ED-A404-20FF6B1B91A8}.Release|Any CPU.Build.0 = Release|Any CPU
	EndGlobalSection
	GlobalSection(SolutionProperties) = preSolution
		HideSolutionNode = FALSE
	EndGlobalSection
EndGlobal
